
Microsoft Visual Studio Solution File, Format Version 12.00
# Visual Studio Version 17
VisualStudioVersion = 17.0.31903.59
MinimumVisualStudioVersion = 10.0.40219.1
Project("{2150E333-8FDC-42A3-9474-1A3956D46DE8}") = "src", "src", "{CDC51E42-8D29-4FA2-A3FE-43CBF755684C}"
EndProject
Project("{FAE04EC0-301F-11D3-BF4B-00C04F79EFBC}") = "WebService", "src\WebService\WebService.csproj", "{2E5C40DC-D108-4D51-A3E3-3AB16AD9760C}"
EndProject
Project("{2150E333-8FDC-42A3-9474-1A3956D46DE8}") = "tests", "tests", "{07B65427-C6FD-423C-9AB4-BC96492C0CAB}"
EndProject
Project("{FAE04EC0-301F-11D3-BF4B-00C04F79EFBC}") = "WebService.Specs", "tests\WebService.Specs\WebService.Specs.csproj", "{2FBB0146-8763-411C-B30A-D76E66CEE9B1}"
EndProject
Global
	GlobalSection(SolutionConfigurationPlatforms) = preSolution
		Debug|Any CPU = Debug|Any CPU
		Release|Any CPU = Release|Any CPU
	EndGlobalSection
	GlobalSection(SolutionProperties) = preSolution
		HideSolutionNode = FALSE
	EndGlobalSection
	GlobalSection(ProjectConfigurationPlatforms) = postSolution
		{2E5C40DC-D108-4D51-A3E3-3AB16AD9760C}.Debug|Any CPU.ActiveCfg = Debug|Any CPU
		{2E5C40DC-D108-4D51-A3E3-3AB16AD9760C}.Debug|Any CPU.Build.0 = Debug|Any CPU
		{2E5C40DC-D108-4D51-A3E3-3AB16AD9760C}.Release|Any CPU.ActiveCfg = Release|Any CPU
		{2E5C40DC-D108-4D51-A3E3-3AB16AD9760C}.Release|Any CPU.Build.0 = Release|Any CPU
		{2FBB0146-8763-411C-B30A-D76E66CEE9B1}.Debug|Any CPU.ActiveCfg = Debug|Any CPU
		{2FBB0146-8763-411C-B30A-D76E66CEE9B1}.Debug|Any CPU.Build.0 = Debug|Any CPU
		{2FBB0146-8763-411C-B30A-D76E66CEE9B1}.Release|Any CPU.ActiveCfg = Release|Any CPU
		{2FBB0146-8763-411C-B30A-D76E66CEE9B1}.Release|Any CPU.Build.0 = Release|Any CPU
	EndGlobalSection
	GlobalSection(NestedProjects) = preSolution
		{2E5C40DC-D108-4D51-A3E3-3AB16AD9760C} = {CDC51E42-8D29-4FA2-A3FE-43CBF755684C}
		{2FBB0146-8763-411C-B30A-D76E66CEE9B1} = {07B65427-C6FD-423C-9AB4-BC96492C0CAB}
	EndGlobalSection
EndGlobal
